//Task 10 Level 1 I UNDERSTAND!!!!
double[] a = new double[10];
double s, P, Q = 0;
Console.WriteLine("Enter array: ");
for (int i = 0; i < a.Length; i++)
{
    double.TryParse(Console.ReadLine(), out s);
    a[i] = s;
}
Console.WriteLine("Enter P: ");
double.TryParse(Console.ReadLine(), out P);
Console.WriteLine("Enter Q: ");
double.TryParse(Console.ReadLine(), out Q);
int k = 0;
for (int i = 0; i < a.Length; i++)
{
    if (P < Q)
    {
        if (a[i] > P && a[i] < Q)
            k++;
    }
    else Console.WriteLine("error");
}

Console.WriteLine($"The amount: {k}");

//Task 6 level 2 
int n, i = 0, index = 0;
double sum = 0, sr, max;
Console.WriteLine("Enter n:");
int.TryParse(Console.ReadLine(), out n);
double[] a = new double[n + 1];
double s = 0;
Console.WriteLine("Enter array:");
for (i = 0; i < n; i++)
{
    double.TryParse(Console.ReadLine(), out s);
    a[i] = s;
}
double P = 0;
Console.WriteLine("Enter P:");
double.TryParse(Console.ReadLine(), out P);
for (i = 0; i < n; i++)
{
    sum = sum + a[i];
}
sr = sum / n;
max = Math.Abs(a[0] - sr);
for (i = 0; i < n; i++)
{
    if (Math.Abs(a[i] - sr) < max)
    {
        max = Math.Abs(a[i] - sr);
        index = i;
    }
}
for (i = n - 1; i >= index + 1; i--)
{
    a[i + 1] = a[i];
}
a[index + 1] = P;
Console.WriteLine("New array: ");
for (i = 0; i < n + 1; i++)
    Console.WriteLine("{0} ", a[i]);
